
Microsoft Visual Studio Solution File, Format Version 12.00
# Visual Studio Version 16
VisualStudioVersion = 16.0.30711.63
MinimumVisualStudioVersion = 10.0.40219.1
Project("{00D1A9C2-B5F0-4AF3-8072-F6C62B433612}") = "Database001", "Database001\Database001.sqlproj", "{BF301687-5363-422F-95EA-1D4E59E7AF55}"
EndProject
Global
	GlobalSection(SolutionConfigurationPlatforms) = preSolution
		Debug|Any CPU = Debug|Any CPU
		Release|Any CPU = Release|Any CPU
	EndGlobalSection
	GlobalSection(ProjectConfigurationPlatforms) = postSolution
		{BF301687-5363-422F-95EA-1D4E59E7AF55}.Debug|Any CPU.ActiveCfg = Debug|Any CPU
		{BF301687-5363-422F-95EA-1D4E59E7AF55}.Debug|Any CPU.Build.0 = Debug|Any CPU
		{BF301687-5363-422F-95EA-1D4E59E7AF55}.Debug|Any CPU.Deploy.0 = Debug|Any CPU
		{BF301687-5363-422F-95EA-1D4E59E7AF55}.Release|Any CPU.ActiveCfg = Release|Any CPU
		{BF301687-5363-422F-95EA-1D4E59E7AF55}.Release|Any CPU.Build.0 = Release|Any CPU
		{BF301687-5363-422F-95EA-1D4E59E7AF55}.Release|Any CPU.Deploy.0 = Release|Any CPU
	EndGlobalSection
	GlobalSection(SolutionProperties) = preSolution
		HideSolutionNode = FALSE
	EndGlobalSection
	GlobalSection(ExtensibilityGlobals) = postSolution
		SolutionGuid = {D6C6F932-BF2A-4CD8-A0D8-336F6E51D868}
	EndGlobalSection
EndGlobal
